// !$*UTF8*$!
{
	archiveVersion = 1;
	classes = {
	};
	objectVersion = 50;
	objects = {

/* Begin PBXBuildFile section */
		416A215C21215BC30015F79B /* TodayItemModel.m in Sources */ = {isa = PBXBuildFile; fileRef = 416A215B21215BC30015F79B /* TodayItemModel.m */; };
		416A215E21215DB30015F79B /* TodayItemModel.m in Sources */ = {isa = PBXBuildFile; fileRef = 416A215B21215BC30015F79B /* TodayItemModel.m */; };
		41E4B139211BE3F0000B5037 /* AppDelegate.m in Sources */ = {isa = PBXBuildFile; fileRef = 41E4B138211BE3F0000B5037 /* AppDelegate.m */; };
		41E4B13C211BE3F0000B5037 /* ViewController.m in Sources */ = {isa = PBXBuildFile; fileRef = 41E4B13B211BE3F0000B5037 /* ViewController.m */; };
		41E4B13F211BE3F0000B5037 /* Main.storyboard in Resources */ = {isa = PBXBuildFile; fileRef = 41E4B13D211BE3F0000B5037 /* Main.storyboard */; };
		41E4B141211BE3F8000B5037 /* Assets.xcassets in Resources */ = {isa = PBXBuildFile; fileRef = 41E4B140211BE3F8000B5037 /* Assets.xcassets */; };
		41E4B144211BE3F8000B5037 /* LaunchScreen.storyboard in Resources */ = {isa = PBXBuildFile; fileRef = 41E4B142211BE3F8000B5037 /* LaunchScreen.storyboard */; };
		41E4B147211BE3F8000B5037 /* main.m in Sources */ = {isa = PBXBuildFile; fileRef = 41E4B146211BE3F8000B5037 /* main.m */; };
		41E4B151211BE3F9000B5037 /* TodayExtensionDemoTests.m in Sources */ = {isa = PBXBuildFile; fileRef = 41E4B150211BE3F9000B5037 /* TodayExtensionDemoTests.m */; };
		41E4B15C211BE3F9000B5037 /* TodayExtensionDemoUITests.m in Sources */ = {isa = PBXBuildFile; fileRef = 41E4B15B211BE3F9000B5037 /* TodayExtensionDemoUITests.m */; };
		41E4B170211BE497000B5037 /* NotificationCenter.framework in Frameworks */ = {isa = PBXBuildFile; fileRef = 41E4B16F211BE497000B5037 /* NotificationCenter.framework */; };
		41E4B174211BE497000B5037 /* TodayViewController.m in Sources */ = {isa = PBXBuildFile; fileRef = 41E4B173211BE497000B5037 /* TodayViewController.m */; };
		41E4B177211BE497000B5037 /* MainInterface.storyboard in Resources */ = {isa = PBXBuildFile; fileRef = 41E4B175211BE497000B5037 /* MainInterface.storyboard */; };
		41E4B17B211BE497000B5037 /* TodayExtentsion.appex in Embed App Extensions */ = {isa = PBXBuildFile; fileRef = 41E4B16D211BE496000B5037 /* TodayExtentsion.appex */; settings = {ATTRIBUTES = (RemoveHeadersOnCopy, ); }; };
		41E4B187211BEBA0000B5037 /* Assets.xcassets in Resources */ = {isa = PBXBuildFile; fileRef = 41E4B140211BE3F8000B5037 /* Assets.xcassets */; };
		41E4B18B211C1940000B5037 /* TodayItemCell.m in Sources */ = {isa = PBXBuildFile; fileRef = 41E4B189211C193F000B5037 /* TodayItemCell.m */; };
		41E4B18C211C1940000B5037 /* TodayItemCell.xib in Resources */ = {isa = PBXBuildFile; fileRef = 41E4B18A211C193F000B5037 /* TodayItemCell.xib */; };
		41E4B190211C200C000B5037 /* CYSubViewController.m in Sources */ = {isa = PBXBuildFile; fileRef = 41E4B18E211C200B000B5037 /* CYSubViewController.m */; };
		41E4B191211C200C000B5037 /* CYSubViewController.xib in Resources */ = {isa = PBXBuildFile; fileRef = 41E4B18F211C200B000B5037 /* CYSubViewController.xib */; };
		887148DF8BDA940E2FD3963D /* libPods-TodayExtensionDemoUITests.a in Frameworks */ = {isa = PBXBuildFile; fileRef = 3B08F9F1DE1E9FDCB4354EA0 /* libPods-TodayExtensionDemoUITests.a */; };
		899AE00F7BECC1E6D8220AE9 /* libPods-TodayExtensionDemo.a in Frameworks */ = {isa = PBXBuildFile; fileRef = B54B942A5BBE6416FE2DB2A2 /* libPods-TodayExtensionDemo.a */; };
		CED596D915AFBED0D635587D /* libPods-TodayExtentsion.a in Frameworks */ = {isa = PBXBuildFile; fileRef = DB3B581B73B6FEA623C66103 /* libPods-TodayExtentsion.a */; };
		DB01099C2DEED607761DF7F9 /* libPods-TodayExtensionDemoTests.a in Frameworks */ = {isa = PBXBuildFile; fileRef = 32468845BDE0C29E855711C9 /* libPods-TodayExtensionDemoTests.a */; };
/* End PBXBuildFile section */

/* Begin PBXContainerItemProxy section */
		41E4B14D211BE3F9000B5037 /* PBXContainerItemProxy */ = {
			isa = PBXContainerItemProxy;
			containerPortal = 41E4B12C211BE3EF000B5037 /* Project object */;
			proxyType = 1;
			remoteGlobalIDString = 41E4B133211BE3F0000B5037;
			remoteInfo = TodayExtensionDemo;
		};
		41E4B158211BE3F9000B5037 /* PBXContainerItemProxy */ = {
			isa = PBXContainerItemProxy;
			containerPortal = 41E4B12C211BE3EF000B5037 /* Project object */;
			proxyType = 1;
			remoteGlobalIDString = 41E4B133211BE3F0000B5037;
			remoteInfo = TodayExtensionDemo;
		};
		41E4B179211BE497000B5037 /* PBXContainerItemProxy */ = {
			isa = PBXContainerItemProxy;
			containerPortal = 41E4B12C211BE3EF000B5037 /* Project object */;
			proxyType = 1;
			remoteGlobalIDString = 41E4B16C211BE496000B5037;
			remoteInfo = TodayExtentsion;
		};
/* End PBXContainerItemProxy section */

/* Begin PBXCopyFilesBuildPhase section */
		41E4B17F211BE497000B5037 /* Embed App Extensions */ = {
			isa = PBXCopyFilesBuildPhase;
			buildActionMask = 2147483647;
			dstPath = "";
			dstSubfolderSpec = 13;
			files = (
				41E4B17B211BE497000B5037 /* TodayExtentsion.appex in Embed App Extensions */,
			);
			name = "Embed App Extensions";
			runOnlyForDeploymentPostprocessing = 0;
		};
/* End PBXCopyFilesBuildPhase section */

/* Begin PBXFileReference section */
		218AB402E891BB8660D88B4A /* Pods-TodayExtentsion.release.xcconfig */ = {isa = PBXFileReference; includeInIndex = 1; lastKnownFileType = text.xcconfig; name = "Pods-TodayExtentsion.release.xcconfig"; path = "Pods/Target Support Files/Pods-TodayExtentsion/Pods-TodayExtentsion.release.xcconfig"; sourceTree = "<group>"; };
		32468845BDE0C29E855711C9 /* libPods-TodayExtensionDemoTests.a */ = {isa = PBXFileReference; explicitFileType = archive.ar; includeInIndex = 0; path = "libPods-TodayExtensionDemoTests.a"; sourceTree = BUILT_PRODUCTS_DIR; };
		38E8B0ADC7DC0B62AB07BACC /* Pods-TodayExtensionDemoUITests.debug.xcconfig */ = {isa = PBXFileReference; includeInIndex = 1; lastKnownFileType = text.xcconfig; name = "Pods-TodayExtensionDemoUITests.debug.xcconfig"; path = "Pods/Target Support Files/Pods-TodayExtensionDemoUITests/Pods-TodayExtensionDemoUITests.debug.xcconfig"; sourceTree = "<group>"; };
		3B08F9F1DE1E9FDCB4354EA0 /* libPods-TodayExtensionDemoUITests.a */ = {isa = PBXFileReference; explicitFileType = archive.ar; includeInIndex = 0; path = "libPods-TodayExtensionDemoUITests.a"; sourceTree = BUILT_PRODUCTS_DIR; };
		416A215A21215BC30015F79B /* TodayItemModel.h */ = {isa = PBXFileReference; lastKnownFileType = sourcecode.c.h; path = TodayItemModel.h; sourceTree = "<group>"; };
		416A215B21215BC30015F79B /* TodayItemModel.m */ = {isa = PBXFileReference; lastKnownFileType = sourcecode.c.objc; path = TodayItemModel.m; sourceTree = "<group>"; };
		41E4B134211BE3F0000B5037 /* TodayExtensionDemo.app */ = {isa = PBXFileReference; explicitFileType = wrapper.application; includeInIndex = 0; path = TodayExtensionDemo.app; sourceTree = BUILT_PRODUCTS_DIR; };
		41E4B137211BE3F0000B5037 /* AppDelegate.h */ = {isa = PBXFileReference; lastKnownFileType = sourcecode.c.h; path = AppDelegate.h; sourceTree = "<group>"; };
		41E4B138211BE3F0000B5037 /* AppDelegate.m */ = {isa = PBXFileReference; lastKnownFileType = sourcecode.c.objc; path = AppDelegate.m; sourceTree = "<group>"; };
		41E4B13A211BE3F0000B5037 /* ViewController.h */ = {isa = PBXFileReference; lastKnownFileType = sourcecode.c.h; path = ViewController.h; sourceTree = "<group>"; };
		41E4B13B211BE3F0000B5037 /* ViewController.m */ = {isa = PBXFileReference; lastKnownFileType = sourcecode.c.objc; path = ViewController.m; sourceTree = "<group>"; };
		41E4B13E211BE3F0000B5037 /* Base */ = {isa = PBXFileReference; lastKnownFileType = file.storyboard; name = Base; path = Base.lproj/Main.storyboard; sourceTree = "<group>"; };
		41E4B140211BE3F8000B5037 /* Assets.xcassets */ = {isa = PBXFileReference; lastKnownFileType = folder.assetcatalog; path = Assets.xcassets; sourceTree = "<group>"; };
		41E4B143211BE3F8000B5037 /* Base */ = {isa = PBXFileReference; lastKnownFileType = file.storyboard; name = Base; path = Base.lproj/LaunchScreen.storyboard; sourceTree = "<group>"; };
		41E4B145211BE3F8000B5037 /* Info.plist */ = {isa = PBXFileReference; lastKnownFileType = text.plist.xml; path = Info.plist; sourceTree = "<group>"; };
		41E4B146211BE3F8000B5037 /* main.m */ = {isa = PBXFileReference; lastKnownFileType = sourcecode.c.objc; path = main.m; sourceTree = "<group>"; };
		41E4B14C211BE3F9000B5037 /* TodayExtensionDemoTests.xctest */ = {isa = PBXFileReference; explicitFileType = wrapper.cfbundle; includeInIndex = 0; path = TodayExtensionDemoTests.xctest; sourceTree = BUILT_PRODUCTS_DIR; };
		41E4B150211BE3F9000B5037 /* TodayExtensionDemoTests.m */ = {isa = PBXFileReference; lastKnownFileType = sourcecode.c.objc; path = TodayExtensionDemoTests.m; sourceTree = "<group>"; };
		41E4B152211BE3F9000B5037 /* Info.plist */ = {isa = PBXFileReference; lastKnownFileType = text.plist.xml; path = Info.plist; sourceTree = "<group>"; };
		41E4B157211BE3F9000B5037 /* TodayExtensionDemoUITests.xctest */ = {isa = PBXFileReference; explicitFileType = wrapper.cfbundle; includeInIndex = 0; path = TodayExtensionDemoUITests.xctest; sourceTree = BUILT_PRODUCTS_DIR; };
		41E4B15B211BE3F9000B5037 /* TodayExtensionDemoUITests.m */ = {isa = PBXFileReference; lastKnownFileType = sourcecode.c.objc; path = TodayExtensionDemoUITests.m; sourceTree = "<group>"; };
		41E4B15D211BE3F9000B5037 /* Info.plist */ = {isa = PBXFileReference; lastKnownFileType = text.plist.xml; path = Info.plist; sourceTree = "<group>"; };
		41E4B16D211BE496000B5037 /* TodayExtentsion.appex */ = {isa = PBXFileReference; explicitFileType = "wrapper.app-extension"; includeInIndex = 0; path = TodayExtentsion.appex; sourceTree = BUILT_PRODUCTS_DIR; };
		41E4B16F211BE497000B5037 /* NotificationCenter.framework */ = {isa = PBXFileReference; lastKnownFileType = wrapper.framework; name = NotificationCenter.framework; path = System/Library/Frameworks/NotificationCenter.framework; sourceTree = SDKROOT; };
		41E4B172211BE497000B5037 /* TodayViewController.h */ = {isa = PBXFileReference; lastKnownFileType = sourcecode.c.h; path = TodayViewController.h; sourceTree = "<group>"; };
		41E4B173211BE497000B5037 /* TodayViewController.m */ = {isa = PBXFileReference; lastKnownFileType = sourcecode.c.objc; path = TodayViewController.m; sourceTree = "<group>"; };
		41E4B176211BE497000B5037 /* Base */ = {isa = PBXFileReference; lastKnownFileType = file.storyboard; name = Base; path = Base.lproj/MainInterface.storyboard; sourceTree = "<group>"; };
		41E4B178211BE497000B5037 /* Info.plist */ = {isa = PBXFileReference; lastKnownFileType = text.plist.xml; path = Info.plist; sourceTree = "<group>"; };
		41E4B185211BEAD8000B5037 /* TodayExtensionDemo.entitlements */ = {isa = PBXFileReference; lastKnownFileType = text.plist.entitlements; path = TodayExtensionDemo.entitlements; sourceTree = "<group>"; };
		41E4B186211BEB16000B5037 /* TodayExtentsion.entitlements */ = {isa = PBXFileReference; lastKnownFileType = text.plist.entitlements; path = TodayExtentsion.entitlements; sourceTree = "<group>"; };
		41E4B188211C193F000B5037 /* TodayItemCell.h */ = {isa = PBXFileReference; lastKnownFileType = sourcecode.c.h; path = TodayItemCell.h; sourceTree = "<group>"; };
		41E4B189211C193F000B5037 /* TodayItemCell.m */ = {isa = PBXFileReference; lastKnownFileType = sourcecode.c.objc; path = TodayItemCell.m; sourceTree = "<group>"; };
		41E4B18A211C193F000B5037 /* TodayItemCell.xib */ = {isa = PBXFileReference; lastKnownFileType = file.xib; path = TodayItemCell.xib; sourceTree = "<group>"; };
		41E4B18D211C200B000B5037 /* CYSubViewController.h */ = {isa = PBXFileReference; lastKnownFileType = sourcecode.c.h; path = CYSubViewController.h; sourceTree = "<group>"; };
		41E4B18E211C200B000B5037 /* CYSubViewController.m */ = {isa = PBXFileReference; lastKnownFileType = sourcecode.c.objc; path = CYSubViewController.m; sourceTree = "<group>"; };
		41E4B18F211C200B000B5037 /* CYSubViewController.xib */ = {isa = PBXFileReference; lastKnownFileType = file.xib; path = CYSubViewController.xib; sourceTree = "<group>"; };
		4DB6D387E3792E943D56A22D /* Pods-TodayExtensionDemoUITests.release.xcconfig */ = {isa = PBXFileReference; includeInIndex = 1; lastKnownFileType = text.xcconfig; name = "Pods-TodayExtensionDemoUITests.release.xcconfig"; path = "Pods/Target Support Files/Pods-TodayExtensionDemoUITests/Pods-TodayExtensionDemoUITests.release.xcconfig"; sourceTree = "<group>"; };
		58F5B05FAFFF2017422ABB64 /* Pods-TodayExtensionDemo.debug.xcconfig */ = {isa = PBXFileReference; includeInIndex = 1; lastKnownFileType = text.xcconfig; name = "Pods-TodayExtensionDemo.debug.xcconfig"; path = "Pods/Target Support Files/Pods-TodayExtensionDemo/Pods-TodayExtensionDemo.debug.xcconfig"; sourceTree = "<group>"; };
		65B46AE990257F040A42BD6D /* Pods-TodayExtensionDemoTests.debug.xcconfig */ = {isa = PBXFileReference; includeInIndex = 1; lastKnownFileType = text.xcconfig; name = "Pods-TodayExtensionDemoTests.debug.xcconfig"; path = "Pods/Target Support Files/Pods-TodayExtensionDemoTests/Pods-TodayExtensionDemoTests.debug.xcconfig"; sourceTree = "<group>"; };
		B54B942A5BBE6416FE2DB2A2 /* libPods-TodayExtensionDemo.a */ = {isa = PBXFileReference; explicitFileType = archive.ar; includeInIndex = 0; path = "libPods-TodayExtensionDemo.a"; sourceTree = BUILT_PRODUCTS_DIR; };
		CE92BADB74F6CA0413B7AFAA /* Pods-TodayExtensionDemoTests.release.xcconfig */ = {isa = PBXFileReference; includeInIndex = 1; lastKnownFileType = text.xcconfig; name = "Pods-TodayExtensionDemoTests.release.xcconfig"; path = "Pods/Target Support Files/Pods-TodayExtensionDemoTests/Pods-TodayExtensionDemoTests.release.xcconfig"; sourceTree = "<group>"; };
		DB3B581B73B6FEA623C66103 /* libPods-TodayExtentsion.a */ = {isa = PBXFileReference; explicitFileType = archive.ar; includeInIndex = 0; path = "libPods-TodayExtentsion.a"; sourceTree = BUILT_PRODUCTS_DIR; };
		DBEA88F5430CA722337EE16A /* Pods-TodayExtentsion.debug.xcconfig */ = {isa = PBXFileReference; includeInIndex = 1; lastKnownFileType = text.xcconfig; name = "Pods-TodayExtentsion.debug.xcconfig"; path = "Pods/Target Support Files/Pods-TodayExtentsion/Pods-TodayExtentsion.debug.xcconfig"; sourceTree = "<group>"; };
		F904C39FD45386FCA9892C90 /* Pods-TodayExtensionDemo.release.xcconfig */ = {isa = PBXFileReference; includeInIndex = 1; lastKnownFileType = text.xcconfig; name = "Pods-TodayExtensionDemo.release.xcconfig"; path = "Pods/Target Support Files/Pods-TodayExtensionDemo/Pods-TodayExtensionDemo.release.xcconfig"; sourceTree = "<group>"; };
/* End PBXFileReference section */

/* Begin PBXFrameworksBuildPhase section */
		41E4B131211BE3F0000B5037 /* Frameworks */ = {
			isa = PBXFrameworksBuildPhase;
			buildActionMask = 2147483647;
			files = (
				899AE00F7BECC1E6D8220AE9 /* libPods-TodayExtensionDemo.a in Frameworks */,
			);
			runOnlyForDeploymentPostprocessing = 0;
		};
		41E4B149211BE3F8000B5037 /* Frameworks */ = {
			isa = PBXFrameworksBuildPhase;
			buildActionMask = 2147483647;
			files = (
				DB01099C2DEED607761DF7F9 /* libPods-TodayExtensionDemoTests.a in Frameworks */,
			);
			runOnlyForDeploymentPostprocessing = 0;
		};
		41E4B154211BE3F9000B5037 /* Frameworks */ = {
			isa = PBXFrameworksBuildPhase;
			buildActionMask = 2147483647;
			files = (
				887148DF8BDA940E2FD3963D /* libPods-TodayExtensionDemoUITests.a in Frameworks */,
			);
			runOnlyForDeploymentPostprocessing = 0;
		};
		41E4B16A211BE496000B5037 /* Frameworks */ = {
			isa = PBXFrameworksBuildPhase;
			buildActionMask = 2147483647;
			files = (
				41E4B170211BE497000B5037 /* NotificationCenter.framework in Frameworks */,
				CED596D915AFBED0D635587D /* libPods-TodayExtentsion.a in Frameworks */,
			);
			runOnlyForDeploymentPostprocessing = 0;
		};
/* End PBXFrameworksBuildPhase section */

/* Begin PBXGroup section */
		41E4B12B211BE3EF000B5037 = {
			isa = PBXGroup;
			children = (
				41E4B136211BE3F0000B5037 /* TodayExtensionDemo */,
				41E4B14F211BE3F9000B5037 /* TodayExtensionDemoTests */,
				41E4B15A211BE3F9000B5037 /* TodayExtensionDemoUITests */,
				41E4B171211BE497000B5037 /* TodayExtentsion */,
				41E4B16E211BE496000B5037 /* Frameworks */,
				41E4B135211BE3F0000B5037 /* Products */,
				9C084ED322CA59C3DA2FB615 /* Pods */,
			);
			sourceTree = "<group>";
		};
		41E4B135211BE3F0000B5037 /* Products */ = {
			isa = PBXGroup;
			children = (
				41E4B134211BE3F0000B5037 /* TodayExtensionDemo.app */,
				41E4B14C211BE3F9000B5037 /* TodayExtensionDemoTests.xctest */,
				41E4B157211BE3F9000B5037 /* TodayExtensionDemoUITests.xctest */,
				41E4B16D211BE496000B5037 /* TodayExtentsion.appex */,
			);
			name = Products;
			sourceTree = "<group>";
		};
		41E4B136211BE3F0000B5037 /* TodayExtensionDemo */ = {
			isa = PBXGroup;
			children = (
				41E4B185211BEAD8000B5037 /* TodayExtensionDemo.entitlements */,
				41E4B137211BE3F0000B5037 /* AppDelegate.h */,
				41E4B138211BE3F0000B5037 /* AppDelegate.m */,
				41E4B13A211BE3F0000B5037 /* ViewController.h */,
				41E4B13B211BE3F0000B5037 /* ViewController.m */,
				41E4B13D211BE3F0000B5037 /* Main.storyboard */,
				41E4B140211BE3F8000B5037 /* Assets.xcassets */,
				41E4B142211BE3F8000B5037 /* LaunchScreen.storyboard */,
				41E4B145211BE3F8000B5037 /* Info.plist */,
				41E4B146211BE3F8000B5037 /* main.m */,
				41E4B18D211C200B000B5037 /* CYSubViewController.h */,
				41E4B18E211C200B000B5037 /* CYSubViewController.m */,
				41E4B18F211C200B000B5037 /* CYSubViewController.xib */,
			);
			path = TodayExtensionDemo;
			sourceTree = "<group>";
		};
		41E4B14F211BE3F9000B5037 /* TodayExtensionDemoTests */ = {
			isa = PBXGroup;
			children = (
				41E4B150211BE3F9000B5037 /* TodayExtensionDemoTests.m */,
				41E4B152211BE3F9000B5037 /* Info.plist */,
			);
			path = TodayExtensionDemoTests;
			sourceTree = "<group>";
		};
		41E4B15A211BE3F9000B5037 /* TodayExtensionDemoUITests */ = {
			isa = PBXGroup;
			children = (
				41E4B15B211BE3F9000B5037 /* TodayExtensionDemoUITests.m */,
				41E4B15D211BE3F9000B5037 /* Info.plist */,
			);
			path = TodayExtensionDemoUITests;
			sourceTree = "<group>";
		};
		41E4B16E211BE496000B5037 /* Frameworks */ = {
			isa = PBXGroup;
			children = (
				41E4B16F211BE497000B5037 /* NotificationCenter.framework */,
				B54B942A5BBE6416FE2DB2A2 /* libPods-TodayExtensionDemo.a */,
				32468845BDE0C29E855711C9 /* libPods-TodayExtensionDemoTests.a */,
				3B08F9F1DE1E9FDCB4354EA0 /* libPods-TodayExtensionDemoUITests.a */,
				DB3B581B73B6FEA623C66103 /* libPods-TodayExtentsion.a */,
			);
			name = Frameworks;
			sourceTree = "<group>";
		};
		41E4B171211BE497000B5037 /* TodayExtentsion */ = {
			isa = PBXGroup;
			children = (
				41E4B186211BEB16000B5037 /* TodayExtentsion.entitlements */,
				41E4B172211BE497000B5037 /* TodayViewController.h */,
				41E4B173211BE497000B5037 /* TodayViewController.m */,
				41E4B175211BE497000B5037 /* MainInterface.storyboard */,
				41E4B178211BE497000B5037 /* Info.plist */,
				41E4B188211C193F000B5037 /* TodayItemCell.h */,
				41E4B189211C193F000B5037 /* TodayItemCell.m */,
				41E4B18A211C193F000B5037 /* TodayItemCell.xib */,
				416A215A21215BC30015F79B /* TodayItemModel.h */,
				416A215B21215BC30015F79B /* TodayItemModel.m */,
			);
			path = TodayExtentsion;
			sourceTree = "<group>";
		};
		9C084ED322CA59C3DA2FB615 /* Pods */ = {
			isa = PBXGroup;
			children = (
				58F5B05FAFFF2017422ABB64 /* Pods-TodayExtensionDemo.debug.xcconfig */,
				F904C39FD45386FCA9892C90 /* Pods-TodayExtensionDemo.release.xcconfig */,
				65B46AE990257F040A42BD6D /* Pods-TodayExtensionDemoTests.debug.xcconfig */,
				CE92BADB74F6CA0413B7AFAA /* Pods-TodayExtensionDemoTests.release.xcconfig */,
				38E8B0ADC7DC0B62AB07BACC /* Pods-TodayExtensionDemoUITests.debug.xcconfig */,
				4DB6D387E3792E943D56A22D /* Pods-TodayExtensionDemoUITests.release.xcconfig */,
				DBEA88F5430CA722337EE16A /* Pods-TodayExtentsion.debug.xcconfig */,
				218AB402E891BB8660D88B4A /* Pods-TodayExtentsion.release.xcconfig */,
			);
			name = Pods;
			sourceTree = "<group>";
		};
/* End PBXGroup section */

/* Begin PBXNativeTarget section */
		41E4B133211BE3F0000B5037 /* TodayExtensionDemo */ = {
			isa = PBXNativeTarget;
			buildConfigurationList = 41E4B160211BE3F9000B5037 /* Build configuration list for PBXNativeTarget "TodayExtensionDemo" */;
			buildPhases = (
				C8F540DA4689CAB9FCA92913 /* [CP] Check Pods Manifest.lock */,
				41E4B130211BE3F0000B5037 /* Sources */,
				41E4B131211BE3F0000B5037 /* Frameworks */,
				41E4B132211BE3F0000B5037 /* Resources */,
				41E4B17F211BE497000B5037 /* Embed App Extensions */,
				BDFD87FA7D45D91881DBA5DA /* [CP] Embed Pods Frameworks */,
				437236A37442FA1578E4AA16 /* [CP] Copy Pods Resources */,
			);
			buildRules = (
			);
			dependencies = (
				41E4B17A211BE497000B5037 /* PBXTargetDependency */,
			);
			name = TodayExtensionDemo;
			productName = TodayExtensionDemo;
			productReference = 41E4B134211BE3F0000B5037 /* TodayExtensionDemo.app */;
			productType = "com.apple.product-type.application";
		};
		41E4B14B211BE3F8000B5037 /* TodayExtensionDemoTests */ = {
			isa = PBXNativeTarget;
			buildConfigurationList = 41E4B163211BE3F9000B5037 /* Build configuration list for PBXNativeTarget "TodayExtensionDemoTests" */;
			buildPhases = (
				91692E5A8942B43E17E9F4CF /* [CP] Check Pods Manifest.lock */,
				41E4B148211BE3F8000B5037 /* Sources */,
				41E4B149211BE3F8000B5037 /* Frameworks */,
				41E4B14A211BE3F8000B5037 /* Resources */,
				64FF4D6C33AFB3739065032F /* [CP] Embed Pods Frameworks */,
				98D652FECBF9047A41E9E423 /* [CP] Copy Pods Resources */,
			);
			buildRules = (
			);
			dependencies = (
				41E4B14E211BE3F9000B5037 /* PBXTargetDependency */,
			);
			name = TodayExtensionDemoTests;
			productName = TodayExtensionDemoTests;
			productReference = 41E4B14C211BE3F9000B5037 /* TodayExtensionDemoTests.xctest */;
			productType = "com.apple.product-type.bundle.unit-test";
		};
		41E4B156211BE3F9000B5037 /* TodayExtensionDemoUITests */ = {
			isa = PBXNativeTarget;
			buildConfigurationList = 41E4B166211BE3F9000B5037 /* Build configuration list for PBXNativeTarget "TodayExtensionDemoUITests" */;
			buildPhases = (
				F257A6D754EA65F046485AFB /* [CP] Check Pods Manifest.lock */,
				41E4B153211BE3F9000B5037 /* Sources */,
				41E4B154211BE3F9000B5037 /* Frameworks */,
				41E4B155211BE3F9000B5037 /* Resources */,
				ED4DC34421EE3BC69881F2CD /* [CP] Embed Pods Frameworks */,
				5A7F9CF02B1EB746E62C897B /* [CP] Copy Pods Resources */,
			);
			buildRules = (
			);
			dependencies = (
				41E4B159211BE3F9000B5037 /* PBXTargetDependency */,
			);
			name = TodayExtensionDemoUITests;
			productName = TodayExtensionDemoUITests;
			productReference = 41E4B157211BE3F9000B5037 /* TodayExtensionDemoUITests.xctest */;
			productType = "com.apple.product-type.bundle.ui-testing";
		};
		41E4B16C211BE496000B5037 /* TodayExtentsion */ = {
			isa = PBXNativeTarget;
			buildConfigurationList = 41E4B17C211BE497000B5037 /* Build configuration list for PBXNativeTarget "TodayExtentsion" */;
			buildPhases = (
				44FBF60EADF49C4A8E7DB3B7 /* [CP] Check Pods Manifest.lock */,
				41E4B169211BE496000B5037 /* Sources */,
				41E4B16A211BE496000B5037 /* Frameworks */,
				41E4B16B211BE496000B5037 /* Resources */,
				1C195F220967355A36A3D95B /* [CP] Copy Pods Resources */,
			);
			buildRules = (
			);
			dependencies = (
			);
			name = TodayExtentsion;
			productName = TodayExtentsion;
			productReference = 41E4B16D211BE496000B5037 /* TodayExtentsion.appex */;
			productType = "com.apple.product-type.app-extension";
		};
/* End PBXNativeTarget section */

/* Begin PBXProject section */
		41E4B12C211BE3EF000B5037 /* Project object */ = {
			isa = PBXProject;
			attributes = {
				LastUpgradeCheck = 0940;
				ORGANIZATIONNAME = Mr.GCY;
				TargetAttributes = {
					41E4B133211BE3F0000B5037 = {
						CreatedOnToolsVersion = 9.4.1;
						SystemCapabilities = {
							com.apple.ApplicationGroups.iOS = {
								enabled = 1;
							};
						};
					};
					41E4B14B211BE3F8000B5037 = {
						CreatedOnToolsVersion = 9.4.1;
						TestTargetID = 41E4B133211BE3F0000B5037;
					};
					41E4B156211BE3F9000B5037 = {
						CreatedOnToolsVersion = 9.4.1;
						TestTargetID = 41E4B133211BE3F0000B5037;
					};
					41E4B16C211BE496000B5037 = {
						CreatedOnToolsVersion = 9.4.1;
						SystemCapabilities = {
							com.apple.ApplicationGroups.iOS = {
								enabled = 1;
							};
						};
					};
				};
			};
			buildConfigurationList = 41E4B12F211BE3EF000B5037 /* Build configuration list for PBXProject "TodayExtensionDemo" */;
			compatibilityVersion = "Xcode 9.3";
			developmentRegion = en;
			hasScannedForEncodings = 0;
			knownRegions = (
				en,
				Base,
			);
			mainGroup = 41E4B12B211BE3EF000B5037;
			productRefGroup = 41E4B135211BE3F0000B5037 /* Products */;
			projectDirPath = "";
			projectRoot = "";
			targets = (
				41E4B133211BE3F0000B5037 /* TodayExtensionDemo */,
				41E4B14B211BE3F8000B5037 /* TodayExtensionDemoTests */,
				41E4B156211BE3F9000B5037 /* TodayExtensionDemoUITests */,
				41E4B16C211BE496000B5037 /* TodayExtentsion */,
			);
		};
/* End PBXProject section */

/* Begin PBXResourcesBuildPhase section */
		41E4B132211BE3F0000B5037 /* Resources */ = {
			isa = PBXResourcesBuildPhase;
			buildActionMask = 2147483647;
			files = (
				41E4B144211BE3F8000B5037 /* LaunchScreen.storyboard in Resources */,
				41E4B191211C200C000B5037 /* CYSubViewController.xib in Resources */,
				41E4B141211BE3F8000B5037 /* Assets.xcassets in Resources */,
				41E4B13F211BE3F0000B5037 /* Main.storyboard in Resources */,
			);
			runOnlyForDeploymentPostprocessing = 0;
		};
		41E4B14A211BE3F8000B5037 /* Resources */ = {
			isa = PBXResourcesBuildPhase;
			buildActionMask = 2147483647;
			files = (
			);
			runOnlyForDeploymentPostprocessing = 0;
		};
		41E4B155211BE3F9000B5037 /* Resources */ = {
			isa = PBXResourcesBuildPhase;
			buildActionMask = 2147483647;
			files = (
			);
			runOnlyForDeploymentPostprocessing = 0;
		};
		41E4B16B211BE496000B5037 /* Resources */ = {
			isa = PBXResourcesBuildPhase;
			buildActionMask = 2147483647;
			files = (
				41E4B187211BEBA0000B5037 /* Assets.xcassets in Resources */,
				41E4B177211BE497000B5037 /* MainInterface.storyboard in Resources */,
				41E4B18C211C1940000B5037 /* TodayItemCell.xib in Resources */,
			);
			runOnlyForDeploymentPostprocessing = 0;
		};
/* End PBXResourcesBuildPhase section */

/* Begin PBXShellScriptBuildPhase section */
		1C195F220967355A36A3D95B /* [CP] Copy Pods Resources */ = {
			isa = PBXShellScriptBuildPhase;
			buildActionMask = 2147483647;
			files = (
			);
			inputPaths = (
			);
			name = "[CP] Copy Pods Resources";
			outputPaths = (
			);
			runOnlyForDeploymentPostprocessing = 0;
			shellPath = /bin/sh;
			shellScript = "\"${SRCROOT}/Pods/Target Support Files/Pods-TodayExtentsion/Pods-TodayExtentsion-resources.sh\"\n";
			showEnvVarsInLog = 0;
		};
		437236A37442FA1578E4AA16 /* [CP] Copy Pods Resources */ = {
			isa = PBXShellScriptBuildPhase;
			buildActionMask = 2147483647;
			files = (
			);
			inputPaths = (
			);
			name = "[CP] Copy Pods Resources";
			outputPaths = (
			);
			runOnlyForDeploymentPostprocessing = 0;
			shellPath = /bin/sh;
			shellScript = "\"${SRCROOT}/Pods/Target Support Files/Pods-TodayExtensionDemo/Pods-TodayExtensionDemo-resources.sh\"\n";
			showEnvVarsInLog = 0;
		};
		44FBF60EADF49C4A8E7DB3B7 /* [CP] Check Pods Manifest.lock */ = {
			isa = PBXShellScriptBuildPhase;
			buildActionMask = 2147483647;
			files = (
			);
			inputPaths = (
				"${PODS_PODFILE_DIR_PATH}/Podfile.lock",
				"${PODS_ROOT}/Manifest.lock",
			);
			name = "[CP] Check Pods Manifest.lock";
			outputPaths = (
				"$(DERIVED_FILE_DIR)/Pods-TodayExtentsion-checkManifestLockResult.txt",
			);
			runOnlyForDeploymentPostprocessing = 0;
			shellPath = /bin/sh;
			shellScript = "diff \"${PODS_PODFILE_DIR_PATH}/Podfile.lock\" \"${PODS_ROOT}/Manifest.lock\" > /dev/null\nif [ $? != 0 ] ; then\n    # print error to STDERR\n    echo \"error: The sandbox is not in sync with the Podfile.lock. Run 'pod install' or update your CocoaPods installation.\" >&2\n    exit 1\nfi\n# This output is used by Xcode 'outputs' to avoid re-running this script phase.\necho \"SUCCESS\" > \"${SCRIPT_OUTPUT_FILE_0}\"\n";
			showEnvVarsInLog = 0;
		};
		5A7F9CF02B1EB746E62C897B /* [CP] Copy Pods Resources */ = {
			isa = PBXShellScriptBuildPhase;
			buildActionMask = 2147483647;
			files = (
			);
			inputPaths = (
			);
			name = "[CP] Copy Pods Resources";
			outputPaths = (
			);
			runOnlyForDeploymentPostprocessing = 0;
			shellPath = /bin/sh;
			shellScript = "\"${SRCROOT}/Pods/Target Support Files/Pods-TodayExtensionDemoUITests/Pods-TodayExtensionDemoUITests-resources.sh\"\n";
			showEnvVarsInLog = 0;
		};
		64FF4D6C33AFB3739065032F /* [CP] Embed Pods Frameworks */ = {
			isa = PBXShellScriptBuildPhase;
			buildActionMask = 2147483647;
			files = (
			);
			inputPaths = (
			);
			name = "[CP] Embed Pods Frameworks";
			outputPaths = (
			);
			runOnlyForDeploymentPostprocessing = 0;
			shellPath = /bin/sh;
			shellScript = "\"${SRCROOT}/Pods/Target Support Files/Pods-TodayExtensionDemoTests/Pods-TodayExtensionDemoTests-frameworks.sh\"\n";
			showEnvVarsInLog = 0;
		};
		91692E5A8942B43E17E9F4CF /* [CP] Check Pods Manifest.lock */ = {
			isa = PBXShellScriptBuildPhase;
			buildActionMask = 2147483647;
			files = (
			);
			inputPaths = (
				"${PODS_PODFILE_DIR_PATH}/Podfile.lock",
				"${PODS_ROOT}/Manifest.lock",
			);
			name = "[CP] Check Pods Manifest.lock";
			outputPaths = (
				"$(DERIVED_FILE_DIR)/Pods-TodayExtensionDemoTests-checkManifestLockResult.txt",
			);
			runOnlyForDeploymentPostprocessing = 0;
			shellPath = /bin/sh;
			shellScript = "diff \"${PODS_PODFILE_DIR_PATH}/Podfile.lock\" \"${PODS_ROOT}/Manifest.lock\" > /dev/null\nif [ $? != 0 ] ; then\n    # print error to STDERR\n    echo \"error: The sandbox is not in sync with the Podfile.lock. Run 'pod install' or update your CocoaPods installation.\" >&2\n    exit 1\nfi\n# This output is used by Xcode 'outputs' to avoid re-running this script phase.\necho \"SUCCESS\" > \"${SCRIPT_OUTPUT_FILE_0}\"\n";
			showEnvVarsInLog = 0;
		};
		98D652FECBF9047A41E9E423 /* [CP] Copy Pods Resources */ = {
			isa = PBXShellScriptBuildPhase;
			buildActionMask = 2147483647;
			files = (
			);
			inputPaths = (
			);
			name = "[CP] Copy Pods Resources";
			outputPaths = (
			);
			runOnlyForDeploymentPostprocessing = 0;
			shellPath = /bin/sh;
			shellScript = "\"${SRCROOT}/Pods/Target Support Files/Pods-TodayExtensionDemoTests/Pods-TodayExtensionDemoTests-resources.sh\"\n";
			showEnvVarsInLog = 0;
		};
		BDFD87FA7D45D91881DBA5DA /* [CP] Embed Pods Frameworks */ = {
			isa = PBXShellScriptBuildPhase;
			buildActionMask = 2147483647;
			files = (
			);
			inputPaths = (
			);
			name = "[CP] Embed Pods Frameworks";
			outputPaths = (
			);
			runOnlyForDeploymentPostprocessing = 0;
			shellPath = /bin/sh;
			shellScript = "\"${SRCROOT}/Pods/Target Support Files/Pods-TodayExtensionDemo/Pods-TodayExtensionDemo-frameworks.sh\"\n";
			showEnvVarsInLog = 0;
		};
		C8F540DA4689CAB9FCA92913 /* [CP] Check Pods Manifest.lock */ = {
			isa = PBXShellScriptBuildPhase;
			buildActionMask = 2147483647;
			files = (
			);
			inputPaths = (
				"${PODS_PODFILE_DIR_PATH}/Podfile.lock",
				"${PODS_ROOT}/Manifest.lock",
			);
			name = "[CP] Check Pods Manifest.lock";
			outputPaths = (
				"$(DERIVED_FILE_DIR)/Pods-TodayExtensionDemo-checkManifestLockResult.txt",
			);
			runOnlyForDeploymentPostprocessing = 0;
			shellPath = /bin/sh;
			shellScript = "diff \"${PODS_PODFILE_DIR_PATH}/Podfile.lock\" \"${PODS_ROOT}/Manifest.lock\" > /dev/null\nif [ $? != 0 ] ; then\n    # print error to STDERR\n    echo \"error: The sandbox is not in sync with the Podfile.lock. Run 'pod install' or update your CocoaPods installation.\" >&2\n    exit 1\nfi\n# This output is used by Xcode 'outputs' to avoid re-running this script phase.\necho \"SUCCESS\" > \"${SCRIPT_OUTPUT_FILE_0}\"\n";
			showEnvVarsInLog = 0;
		};
		ED4DC34421EE3BC69881F2CD /* [CP] Embed Pods Frameworks */ = {
			isa = PBXShellScriptBuildPhase;
			buildActionMask = 2147483647;
			files = (
			);
			inputPaths = (
			);
			name = "[CP] Embed Pods Frameworks";
			outputPaths = (
			);
			runOnlyForDeploymentPostprocessing = 0;
			shellPath = /bin/sh;
			shellScript = "\"${SRCROOT}/Pods/Target Support Files/Pods-TodayExtensionDemoUITests/Pods-TodayExtensionDemoUITests-frameworks.sh\"\n";
			showEnvVarsInLog = 0;
		};
		F257A6D754EA65F046485AFB /* [CP] Check Pods Manifest.lock */ = {
			isa = PBXShellScriptBuildPhase;
			buildActionMask = 2147483647;
			files = (
			);
			inputPaths = (
				"${PODS_PODFILE_DIR_PATH}/Podfile.lock",
				"${PODS_ROOT}/Manifest.lock",
			);
			name = "[CP] Check Pods Manifest.lock";
			outputPaths = (
				"$(DERIVED_FILE_DIR)/Pods-TodayExtensionDemoUITests-checkManifestLockResult.txt",
			);
			runOnlyForDeploymentPostprocessing = 0;
			shellPath = /bin/sh;
			shellScript = "diff \"${PODS_PODFILE_DIR_PATH}/Podfile.lock\" \"${PODS_ROOT}/Manifest.lock\" > /dev/null\nif [ $? != 0 ] ; then\n    # print error to STDERR\n    echo \"error: The sandbox is not in sync with the Podfile.lock. Run 'pod install' or update your CocoaPods installation.\" >&2\n    exit 1\nfi\n# This output is used by Xcode 'outputs' to avoid re-running this script phase.\necho \"SUCCESS\" > \"${SCRIPT_OUTPUT_FILE_0}\"\n";
			showEnvVarsInLog = 0;
		};
/* End PBXShellScriptBuildPhase section */

/* Begin PBXSourcesBuildPhase section */
		41E4B130211BE3F0000B5037 /* Sources */ = {
			isa = PBXSourcesBuildPhase;
			buildActionMask = 2147483647;
			files = (
				41E4B13C211BE3F0000B5037 /* ViewController.m in Sources */,
				41E4B190211C200C000B5037 /* CYSubViewController.m in Sources */,
				41E4B147211BE3F8000B5037 /* main.m in Sources */,
				416A215E21215DB30015F79B /* TodayItemModel.m in Sources */,
				41E4B139211BE3F0000B5037 /* AppDelegate.m in Sources */,
			);
			runOnlyForDeploymentPostprocessing = 0;
		};
		41E4B148211BE3F8000B5037 /* Sources */ = {
			isa = PBXSourcesBuildPhase;
			buildActionMask = 2147483647;
			files = (
				41E4B151211BE3F9000B5037 /* TodayExtensionDemoTests.m in Sources */,
			);
			runOnlyForDeploymentPostprocessing = 0;
		};
		41E4B153211BE3F9000B5037 /* Sources */ = {
			isa = PBXSourcesBuildPhase;
			buildActionMask = 2147483647;
			files = (
				41E4B15C211BE3F9000B5037 /* TodayExtensionDemoUITests.m in Sources */,
			);
			runOnlyForDeploymentPostprocessing = 0;
		};
		41E4B169211BE496000B5037 /* Sources */ = {
			isa = PBXSourcesBuildPhase;
			buildActionMask = 2147483647;
			files = (
				416A215C21215BC30015F79B /* TodayItemModel.m in Sources */,
				41E4B18B211C1940000B5037 /* TodayItemCell.m in Sources */,
				41E4B174211BE497000B5037 /* TodayViewController.m in Sources */,
			);
			runOnlyForDeploymentPostprocessing = 0;
		};
/* End PBXSourcesBuildPhase section */

/* Begin PBXTargetDependency section */
		41E4B14E211BE3F9000B5037 /* PBXTargetDependency */ = {
			isa = PBXTargetDependency;
			target = 41E4B133211BE3F0000B5037 /* TodayExtensionDemo */;
			targetProxy = 41E4B14D211BE3F9000B5037 /* PBXContainerItemProxy */;
		};
		41E4B159211BE3F9000B5037 /* PBXTargetDependency */ = {
			isa = PBXTargetDependency;
			target = 41E4B133211BE3F0000B5037 /* TodayExtensionDemo */;
			targetProxy = 41E4B158211BE3F9000B5037 /* PBXContainerItemProxy */;
		};
		41E4B17A211BE497000B5037 /* PBXTargetDependency */ = {
			isa = PBXTargetDependency;
			target = 41E4B16C211BE496000B5037 /* TodayExtentsion */;
			targetProxy = 41E4B179211BE497000B5037 /* PBXContainerItemProxy */;
		};
/* End PBXTargetDependency section */

/* Begin PBXVariantGroup section */
		41E4B13D211BE3F0000B5037 /* Main.storyboard */ = {
			isa = PBXVariantGroup;
			children = (
				41E4B13E211BE3F0000B5037 /* Base */,
			);
			name = Main.storyboard;
			sourceTree = "<group>";
		};
		41E4B142211BE3F8000B5037 /* LaunchScreen.storyboard */ = {
			isa = PBXVariantGroup;
			children = (
				41E4B143211BE3F8000B5037 /* Base */,
			);
			name = LaunchScreen.storyboard;
			sourceTree = "<group>";
		};
		41E4B175211BE497000B5037 /* MainInterface.storyboard */ = {
			isa = PBXVariantGroup;
			children = (
				41E4B176211BE497000B5037 /* Base */,
			);
			name = MainInterface.storyboard;
			sourceTree = "<group>";
		};
/* End PBXVariantGroup section */

/* Begin XCBuildConfiguration section */
		41E4B15E211BE3F9000B5037 /* Debug */ = {
			isa = XCBuildConfiguration;
			buildSettings = {
				ALWAYS_SEARCH_USER_PATHS = NO;
				CLANG_ANALYZER_NONNULL = YES;
				CLANG_ANALYZER_NUMBER_OBJECT_CONVERSION = YES_AGGRESSIVE;
				CLANG_CXX_LANGUAGE_STANDARD = "gnu++14";
				CLANG_CXX_LIBRARY = "libc++";
				CLANG_ENABLE_MODULES = YES;
				CLANG_ENABLE_OBJC_ARC = YES;
				CLANG_ENABLE_OBJC_WEAK = YES;
				CLANG_WARN_BLOCK_CAPTURE_AUTORELEASING = YES;
				CLANG_WARN_BOOL_CONVERSION = YES;
				CLANG_WARN_COMMA = YES;
				CLANG_WARN_CONSTANT_CONVERSION = YES;
				CLANG_WARN_DEPRECATED_OBJC_IMPLEMENTATIONS = YES;
				CLANG_WARN_DIRECT_OBJC_ISA_USAGE = YES_ERROR;
				CLANG_WARN_DOCUMENTATION_COMMENTS = YES;
				CLANG_WARN_EMPTY_BODY = YES;
				CLANG_WARN_ENUM_CONVERSION = YES;
				CLANG_WARN_INFINITE_RECURSION = YES;
				CLANG_WARN_INT_CONVERSION = YES;
				CLANG_WARN_NON_LITERAL_NULL_CONVERSION = YES;
				CLANG_WARN_OBJC_IMPLICIT_RETAIN_SELF = YES;
				CLANG_WARN_OBJC_LITERAL_CONVERSION = YES;
				CLANG_WARN_OBJC_ROOT_CLASS = YES_ERROR;
				CLANG_WARN_RANGE_LOOP_ANALYSIS = YES;
				CLANG_WARN_STRICT_PROTOTYPES = YES;
				CLANG_WARN_SUSPICIOUS_MOVE = YES;
				CLANG_WARN_UNGUARDED_AVAILABILITY = YES_AGGRESSIVE;
				CLANG_WARN_UNREACHABLE_CODE = YES;
				CLANG_WARN__DUPLICATE_METHOD_MATCH = YES;
				CODE_SIGN_IDENTITY = "iPhone Developer";
				COPY_PHASE_STRIP = NO;
				DEBUG_INFORMATION_FORMAT = dwarf;
				ENABLE_STRICT_OBJC_MSGSEND = YES;
				ENABLE_TESTABILITY = YES;
				GCC_C_LANGUAGE_STANDARD = gnu11;
				GCC_DYNAMIC_NO_PIC = NO;
				GCC_NO_COMMON_BLOCKS = YES;
				GCC_OPTIMIZATION_LEVEL = 0;
				GCC_PREPROCESSOR_DEFINITIONS = (
					"DEBUG=1",
					"$(inherited)",
				);
				GCC_WARN_64_TO_32_BIT_CONVERSION = YES;
				GCC_WARN_ABOUT_RETURN_TYPE = YES_ERROR;
				GCC_WARN_UNDECLARED_SELECTOR = YES;
				GCC_WARN_UNINITIALIZED_AUTOS = YES_AGGRESSIVE;
				GCC_WARN_UNUSED_FUNCTION = YES;
				GCC_WARN_UNUSED_VARIABLE = YES;
				IPHONEOS_DEPLOYMENT_TARGET = 11.4;
				MTL_ENABLE_DEBUG_INFO = YES;
				ONLY_ACTIVE_ARCH = YES;
				SDKROOT = iphoneos;
			};
			name = Debug;
		};
		41E4B15F211BE3F9000B5037 /* Release */ = {
			isa = XCBuildConfiguration;
			buildSettings = {
				ALWAYS_SEARCH_USER_PATHS = NO;
				CLANG_ANALYZER_NONNULL = YES;
				CLANG_ANALYZER_NUMBER_OBJECT_CONVERSION = YES_AGGRESSIVE;
				CLANG_CXX_LANGUAGE_STANDARD = "gnu++14";
				CLANG_CXX_LIBRARY = "libc++";
				CLANG_ENABLE_MODULES = YES;
				CLANG_ENABLE_OBJC_ARC = YES;
				CLANG_ENABLE_OBJC_WEAK = YES;
				CLANG_WARN_BLOCK_CAPTURE_AUTORELEASING = YES;
				CLANG_WARN_BOOL_CONVERSION = YES;
				CLANG_WARN_COMMA = YES;
				CLANG_WARN_CONSTANT_CONVERSION = YES;
				CLANG_WARN_DEPRECATED_OBJC_IMPLEMENTATIONS = YES;
				CLANG_WARN_DIRECT_OBJC_ISA_USAGE = YES_ERROR;
				CLANG_WARN_DOCUMENTATION_COMMENTS = YES;
				CLANG_WARN_EMPTY_BODY = YES;
				CLANG_WARN_ENUM_CONVERSION = YES;
				CLANG_WARN_INFINITE_RECURSION = YES;
				CLANG_WARN_INT_CONVERSION = YES;
				CLANG_WARN_NON_LITERAL_NULL_CONVERSION = YES;
				CLANG_WARN_OBJC_IMPLICIT_RETAIN_SELF = YES;
				CLANG_WARN_OBJC_LITERAL_CONVERSION = YES;
				CLANG_WARN_OBJC_ROOT_CLASS = YES_ERROR;
				CLANG_WARN_RANGE_LOOP_ANALYSIS = YES;
				CLANG_WARN_STRICT_PROTOTYPES = YES;
				CLANG_WARN_SUSPICIOUS_MOVE = YES;
				CLANG_WARN_UNGUARDED_AVAILABILITY = YES_AGGRESSIVE;
				CLANG_WARN_UNREACHABLE_CODE = YES;
				CLANG_WARN__DUPLICATE_METHOD_MATCH = YES;
				CODE_SIGN_IDENTITY = "iPhone Developer";
				COPY_PHASE_STRIP = NO;
				DEBUG_INFORMATION_FORMAT = "dwarf-with-dsym";
				ENABLE_NS_ASSERTIONS = NO;
				ENABLE_STRICT_OBJC_MSGSEND = YES;
				GCC_C_LANGUAGE_STANDARD = gnu11;
				GCC_NO_COMMON_BLOCKS = YES;
				GCC_WARN_64_TO_32_BIT_CONVERSION = YES;
				GCC_WARN_ABOUT_RETURN_TYPE = YES_ERROR;
				GCC_WARN_UNDECLARED_SELECTOR = YES;
				GCC_WARN_UNINITIALIZED_AUTOS = YES_AGGRESSIVE;
				GCC_WARN_UNUSED_FUNCTION = YES;
				GCC_WARN_UNUSED_VARIABLE = YES;
				IPHONEOS_DEPLOYMENT_TARGET = 11.4;
				MTL_ENABLE_DEBUG_INFO = NO;
				SDKROOT = iphoneos;
				VALIDATE_PRODUCT = YES;
			};
			name = Release;
		};
		41E4B161211BE3F9000B5037 /* Debug */ = {
			isa = XCBuildConfiguration;
			baseConfigurationReference = 58F5B05FAFFF2017422ABB64 /* Pods-TodayExtensionDemo.debug.xcconfig */;
			buildSettings = {
				ASSETCATALOG_COMPILER_APPICON_NAME = AppIcon;
				CODE_SIGN_ENTITLEMENTS = TodayExtensionDemo/TodayExtensionDemo.entitlements;
				CODE_SIGN_STYLE = Automatic;
				DEVELOPMENT_TEAM = 69K792AFTK;
				INFOPLIST_FILE = TodayExtensionDemo/Info.plist;
				IPHONEOS_DEPLOYMENT_TARGET = 9.0;
				LD_RUNPATH_SEARCH_PATHS = (
					"$(inherited)",
					"@executable_path/Frameworks",
				);
				PRODUCT_BUNDLE_IDENTIFIER = mr.gcy.TodayExtensionDemo;
				PRODUCT_NAME = "$(TARGET_NAME)";
				TARGETED_DEVICE_FAMILY = "1,2";
			};
			name = Debug;
		};
		41E4B162211BE3F9000B5037 /* Release */ = {
			isa = XCBuildConfiguration;
			baseConfigurationReference = F904C39FD45386FCA9892C90 /* Pods-TodayExtensionDemo.release.xcconfig */;
			buildSettings = {
				ASSETCATALOG_COMPILER_APPICON_NAME = AppIcon;
				CODE_SIGN_ENTITLEMENTS = TodayExtensionDemo/TodayExtensionDemo.entitlements;
				CODE_SIGN_STYLE = Automatic;
				DEVELOPMENT_TEAM = 69K792AFTK;
				INFOPLIST_FILE = TodayExtensionDemo/Info.plist;
				IPHONEOS_DEPLOYMENT_TARGET = 9.0;
				LD_RUNPATH_SEARCH_PATHS = (
					"$(inherited)",
					"@executable_path/Frameworks",
				);
				PRODUCT_BUNDLE_IDENTIFIER = mr.gcy.TodayExtensionDemo;
				PRODUCT_NAME = "$(TARGET_NAME)";
				TARGETED_DEVICE_FAMILY = "1,2";
			};
			name = Release;
		};
		41E4B164211BE3F9000B5037 /* Debug */ = {
			isa = XCBuildConfiguration;
			baseConfigurationReference = 65B46AE990257F040A42BD6D /* Pods-TodayExtensionDemoTests.debug.xcconfig */;
			buildSettings = {
				BUNDLE_LOADER = "$(TEST_HOST)";
				CODE_SIGN_STYLE = Automatic;
				INFOPLIST_FILE = TodayExtensionDemoTests/Info.plist;
				LD_RUNPATH_SEARCH_PATHS = (
					"$(inherited)",
					"@executable_path/Frameworks",
					"@loader_path/Frameworks",
				);
				PRODUCT_BUNDLE_IDENTIFIER = mr.gcy.TodayExtensionDemoTests;
				PRODUCT_NAME = "$(TARGET_NAME)";
				TARGETED_DEVICE_FAMILY = "1,2";
				TEST_HOST = "$(BUILT_PRODUCTS_DIR)/TodayExtensionDemo.app/TodayExtensionDemo";
			};
			name = Debug;
		};
		41E4B165211BE3F9000B5037 /* Release */ = {
			isa = XCBuildConfiguration;
			baseConfigurationReference = CE92BADB74F6CA0413B7AFAA /* Pods-TodayExtensionDemoTests.release.xcconfig */;
			buildSettings = {
				BUNDLE_LOADER = "$(TEST_HOST)";
				CODE_SIGN_STYLE = Automatic;
				INFOPLIST_FILE = TodayExtensionDemoTests/Info.plist;
				LD_RUNPATH_SEARCH_PATHS = (
					"$(inherited)",
					"@executable_path/Frameworks",
					"@loader_path/Frameworks",
				);
				PRODUCT_BUNDLE_IDENTIFIER = mr.gcy.TodayExtensionDemoTests;
				PRODUCT_NAME = "$(TARGET_NAME)";
				TARGETED_DEVICE_FAMILY = "1,2";
				TEST_HOST = "$(BUILT_PRODUCTS_DIR)/TodayExtensionDemo.app/TodayExtensionDemo";
			};
			name = Release;
		};
		41E4B167211BE3F9000B5037 /* Debug */ = {
			isa = XCBuildConfiguration;
			baseConfigurationReference = 38E8B0ADC7DC0B62AB07BACC /* Pods-TodayExtensionDemoUITests.debug.xcconfig */;
			buildSettings = {
				CODE_SIGN_STYLE = Automatic;
				INFOPLIST_FILE = TodayExtensionDemoUITests/Info.plist;
				LD_RUNPATH_SEARCH_PATHS = (
					"$(inherited)",
					"@executable_path/Frameworks",
					"@loader_path/Frameworks",
				);
				PRODUCT_BUNDLE_IDENTIFIER = mr.gcy.TodayExtensionDemoUITests;
				PRODUCT_NAME = "$(TARGET_NAME)";
				TARGETED_DEVICE_FAMILY = "1,2";
				TEST_TARGET_NAME = TodayExtensionDemo;
			};
			name = Debug;
		};
		41E4B168211BE3F9000B5037 /* Release */ = {
			isa = XCBuildConfiguration;
			baseConfigurationReference = 4DB6D387E3792E943D56A22D /* Pods-TodayExtensionDemoUITests.release.xcconfig */;
			buildSettings = {
				CODE_SIGN_STYLE = Automatic;
				INFOPLIST_FILE = TodayExtensionDemoUITests/Info.plist;
				LD_RUNPATH_SEARCH_PATHS = (
					"$(inherited)",
					"@executable_path/Frameworks",
					"@loader_path/Frameworks",
				);
				PRODUCT_BUNDLE_IDENTIFIER = mr.gcy.TodayExtensionDemoUITests;
				PRODUCT_NAME = "$(TARGET_NAME)";
				TARGETED_DEVICE_FAMILY = "1,2";
				TEST_TARGET_NAME = TodayExtensionDemo;
			};
			name = Release;
		};
		41E4B17D211BE497000B5037 /* Debug */ = {
			isa = XCBuildConfiguration;
			baseConfigurationReference = DBEA88F5430CA722337EE16A /* Pods-TodayExtentsion.debug.xcconfig */;
			buildSettings = {
				CODE_SIGN_ENTITLEMENTS = TodayExtentsion/TodayExtentsion.entitlements;
				CODE_SIGN_STYLE = Automatic;
				DEVELOPMENT_TEAM = 69K792AFTK;
				INFOPLIST_FILE = TodayExtentsion/Info.plist;
				IPHONEOS_DEPLOYMENT_TARGET = 9.0;
				LD_RUNPATH_SEARCH_PATHS = (
					"$(inherited)",
					"@executable_path/Frameworks",
					"@executable_path/../../Frameworks",
				);
				PRODUCT_BUNDLE_IDENTIFIER = mr.gcy.TodayExtensionDemo.TodayExtentsion;
				PRODUCT_NAME = "$(TARGET_NAME)";
				SKIP_INSTALL = YES;
				TARGETED_DEVICE_FAMILY = "1,2";
			};
			name = Debug;
		};
		41E4B17E211BE497000B5037 /* Release */ = {
			isa = XCBuildConfiguration;
			baseConfigurationReference = 218AB402E891BB8660D88B4A /* Pods-TodayExtentsion.release.xcconfig */;
			buildSettings = {
				CODE_SIGN_ENTITLEMENTS = TodayExtentsion/TodayExtentsion.entitlements;
				CODE_SIGN_STYLE = Automatic;
				DEVELOPMENT_TEAM = 69K792AFTK;
				INFOPLIST_FILE = TodayExtentsion/Info.plist;
				IPHONEOS_DEPLOYMENT_TARGET = 9.0;
				LD_RUNPATH_SEARCH_PATHS = (
					"$(inherited)",
					"@executable_path/Frameworks",
					"@executable_path/../../Frameworks",
				);
				PRODUCT_BUNDLE_IDENTIFIER = mr.gcy.TodayExtensionDemo.TodayExtentsion;
				PRODUCT_NAME = "$(TARGET_NAME)";
				SKIP_INSTALL = YES;
				TARGETED_DEVICE_FAMILY = "1,2";
			};
			name = Release;
		};
/* End XCBuildConfiguration section */

/* Begin XCConfigurationList section */
		41E4B12F211BE3EF000B5037 /* Build configuration list for PBXProject "TodayExtensionDemo" */ = {
			isa = XCConfigurationList;
			buildConfigurations = (
				41E4B15E211BE3F9000B5037 /* Debug */,
				41E4B15F211BE3F9000B5037 /* Release */,
			);
			defaultConfigurationIsVisible = 0;
			defaultConfigurationName = Release;
		};
		41E4B160211BE3F9000B5037 /* Build configuration list for PBXNativeTarget "TodayExtensionDemo" */ = {
			isa = XCConfigurationList;
			buildConfigurations = (
				41E4B161211BE3F9000B5037 /* Debug */,
				41E4B162211BE3F9000B5037 /* Release */,
			);
			defaultConfigurationIsVisible = 0;
			defaultConfigurationName = Release;
		};
		41E4B163211BE3F9000B5037 /* Build configuration list for PBXNativeTarget "TodayExtensionDemoTests" */ = {
			isa = XCConfigurationList;
			buildConfigurations = (
				41E4B164211BE3F9000B5037 /* Debug */,
				41E4B165211BE3F9000B5037 /* Release */,
			);
			defaultConfigurationIsVisible = 0;
			defaultConfigurationName = Release;
		};
		41E4B166211BE3F9000B5037 /* Build configuration list for PBXNativeTarget "TodayExtensionDemoUITests" */ = {
			isa = XCConfigurationList;
			buildConfigurations = (
				41E4B167211BE3F9000B5037 /* Debug */,
				41E4B168211BE3F9000B5037 /* Release */,
			);
			defaultConfigurationIsVisible = 0;
			defaultConfigurationName = Release;
		};
		41E4B17C211BE497000B5037 /* Build configuration list for PBXNativeTarget "TodayExtentsion" */ = {
			isa = XCConfigurationList;
			buildConfigurations = (
				41E4B17D211BE497000B5037 /* Debug */,
				41E4B17E211BE497000B5037 /* Release */,
			);
			defaultConfigurationIsVisible = 0;
			defaultConfigurationName = Release;
		};
/* End XCConfigurationList section */
	};
	rootObject = 41E4B12C211BE3EF000B5037 /* Project object */;
}
